
Microsoft Visual Studio Solution File, Format Version 12.00
# Visual Studio Version 17
VisualStudioVersion = 17.4.33110.190
MinimumVisualStudioVersion = 10.0.40219.1
Project("{2150E333-8FDC-42A3-9474-1A3956D46DE8}") = "src", "src", "{58B19363-43A4-43F8-A79D-5A46D756451C}"
EndProject
Project("{2150E333-8FDC-42A3-9474-1A3956D46DE8}") = "APIGateway", "APIGateway", "{10D03337-D3C7-4C95-A5ED-3A2D85405A7B}"
EndProject
Project("{2150E333-8FDC-42A3-9474-1A3956D46DE8}") = "WalureMicroServices", "WalureMicroServices", "{E69FD1AD-71F1-472A-88C6-6AE9CB41C5CF}"
EndProject
Project("{2150E333-8FDC-42A3-9474-1A3956D46DE8}") = "Onbording", "Onbording", "{BB58CD97-59A7-45AE-B0EC-CC495B09DF3C}"
EndProject
Project("{2150E333-8FDC-42A3-9474-1A3956D46DE8}") = "HR", "HR", "{81588D32-8DAB-4A9F-841A-EAE969537727}"
EndProject
Project("{2150E333-8FDC-42A3-9474-1A3956D46DE8}") = "Account", "Account", "{9AC0D202-B6A6-4706-A11A-1125F0CD52CA}"
EndProject
Project("{9A19103F-16F7-4668-BE54-9A1E7A4F7556}") = "Onboarding", "Onboarding\Onboarding.csproj", "{545AF3D1-A73D-4992-9CD8-56AD60E481DE}"
EndProject
Project("{9A19103F-16F7-4668-BE54-9A1E7A4F7556}") = "DataAccess", "DataAccess\DataAccess.csproj", "{F373161C-5EC1-458A-A45E-02A7F5321047}"
EndProject
Project("{2150E333-8FDC-42A3-9474-1A3956D46DE8}") = "Share", "Share", "{1E252ACB-9D5E-48B5-971C-E371A2721362}"
EndProject
Project("{FAE04EC0-301F-11D3-BF4B-00C04F79EFBC}") = "Share", "Share\Share.csproj", "{AABB1A51-7724-481F-8F49-1C626E720FE2}"
EndProject
Global
	GlobalSection(SolutionConfigurationPlatforms) = preSolution
		Debug|Any CPU = Debug|Any CPU
		Release|Any CPU = Release|Any CPU
	EndGlobalSection
	GlobalSection(ProjectConfigurationPlatforms) = postSolution
		{545AF3D1-A73D-4992-9CD8-56AD60E481DE}.Debug|Any CPU.ActiveCfg = Debug|Any CPU
		{545AF3D1-A73D-4992-9CD8-56AD60E481DE}.Debug|Any CPU.Build.0 = Debug|Any CPU
		{545AF3D1-A73D-4992-9CD8-56AD60E481DE}.Release|Any CPU.ActiveCfg = Release|Any CPU
		{545AF3D1-A73D-4992-9CD8-56AD60E481DE}.Release|Any CPU.Build.0 = Release|Any CPU
		{F373161C-5EC1-458A-A45E-02A7F5321047}.Debug|Any CPU.ActiveCfg = Debug|Any CPU
		{F373161C-5EC1-458A-A45E-02A7F5321047}.Debug|Any CPU.Build.0 = Debug|Any CPU
		{F373161C-5EC1-458A-A45E-02A7F5321047}.Release|Any CPU.ActiveCfg = Release|Any CPU
		{F373161C-5EC1-458A-A45E-02A7F5321047}.Release|Any CPU.Build.0 = Release|Any CPU
		{AABB1A51-7724-481F-8F49-1C626E720FE2}.Debug|Any CPU.ActiveCfg = Debug|Any CPU
		{AABB1A51-7724-481F-8F49-1C626E720FE2}.Debug|Any CPU.Build.0 = Debug|Any CPU
		{AABB1A51-7724-481F-8F49-1C626E720FE2}.Release|Any CPU.ActiveCfg = Release|Any CPU
		{AABB1A51-7724-481F-8F49-1C626E720FE2}.Release|Any CPU.Build.0 = Release|Any CPU
	EndGlobalSection
	GlobalSection(SolutionProperties) = preSolution
		HideSolutionNode = FALSE
	EndGlobalSection
	GlobalSection(NestedProjects) = preSolution
		{10D03337-D3C7-4C95-A5ED-3A2D85405A7B} = {58B19363-43A4-43F8-A79D-5A46D756451C}
		{E69FD1AD-71F1-472A-88C6-6AE9CB41C5CF} = {58B19363-43A4-43F8-A79D-5A46D756451C}
		{BB58CD97-59A7-45AE-B0EC-CC495B09DF3C} = {E69FD1AD-71F1-472A-88C6-6AE9CB41C5CF}
		{81588D32-8DAB-4A9F-841A-EAE969537727} = {E69FD1AD-71F1-472A-88C6-6AE9CB41C5CF}
		{9AC0D202-B6A6-4706-A11A-1125F0CD52CA} = {E69FD1AD-71F1-472A-88C6-6AE9CB41C5CF}
		{545AF3D1-A73D-4992-9CD8-56AD60E481DE} = {BB58CD97-59A7-45AE-B0EC-CC495B09DF3C}
		{F373161C-5EC1-458A-A45E-02A7F5321047} = {BB58CD97-59A7-45AE-B0EC-CC495B09DF3C}
		{1E252ACB-9D5E-48B5-971C-E371A2721362} = {E69FD1AD-71F1-472A-88C6-6AE9CB41C5CF}
		{AABB1A51-7724-481F-8F49-1C626E720FE2} = {1E252ACB-9D5E-48B5-971C-E371A2721362}
	EndGlobalSection
	GlobalSection(ExtensibilityGlobals) = postSolution
		SolutionGuid = {BD9D5EB8-4702-491B-BC1D-3ED7F09DBEE3}
	EndGlobalSection
EndGlobal
